PODS:
  - Cartography (0.5.0)

DEPENDENCIES:
  - Cartography (from `https://github.com/solomon23/Cartography.git`, branch `3.0`)

EXTERNAL SOURCES:
  Cartography:
    :branch: '3.0'
    :git: https://github.com/solomon23/Cartography.git

CHECKOUT OPTIONS:
  Cartography:
    :commit: ee865066dd2ac96f8e504a4bcfb06fe7d6b5ec01
    :git: https://github.com/solomon23/Cartography.git

SPEC CHECKSUMS:
  Cartography: de3e85d2fc2d7288a2e7c89e1ac6cad08599d75e

PODFILE CHECKSUM: e945ea855532f944eaf5f86c9e04a3d2549ad01a

COCOAPODS: 1.0.1
