// !$*UTF8*$!
{
	archiveVersion = 1;
	classes = {
	};
	objectVersion = 46;
	objects = {

/* Begin PBXBuildFile section */
		60B0E080C7C9621C4EFCF608 /* Pods_PopupViewController.framework in Frameworks */ = {isa = PBXBuildFile; fileRef = 071E90C5DC37F678DB08D03F /* Pods_PopupViewController.framework */; };
		9F9D54941D081D47005B259C /* PopupViewController.h in Headers */ = {isa = PBXBuildFile; fileRef = 9F9D54931D081D47005B259C /* PopupViewController.h */; settings = {ATTRIBUTES = (Public, ); }; };
		9F9D549C1D081D74005B259C /* PopupViewController.swift in Sources */ = {isa = PBXBuildFile; fileRef = 9F9D549B1D081D74005B259C /* PopupViewController.swift */; };
		9F9D54A61D08236B005B259C /* Cartography.framework in Frameworks */ = {isa = PBXBuildFile; fileRef = 9F9D54A51D08236B005B259C /* Cartography.framework */; settings = {ATTRIBUTES = (Required, ); }; };
		9FA875221D0853F90088A2C4 /* PopupViewControllerTests.swift in Sources */ = {isa = PBXBuildFile; fileRef = 9FA875211D0853F90088A2C4 /* PopupViewControllerTests.swift */; };
		9FA875241D0853F90088A2C4 /* PopupViewController.framework in Frameworks */ = {isa = PBXBuildFile; fileRef = 9F9D54901D081D47005B259C /* PopupViewController.framework */; };
		C5369BB1786FF58A33496C47 /* Pods_PopupViewControllerTests.framework in Frameworks */ = {isa = PBXBuildFile; fileRef = 76F3B9ABA84E8B80161FB125 /* Pods_PopupViewControllerTests.framework */; };
/* End PBXBuildFile section */

/* Begin PBXContainerItemProxy section */
		9FA875251D0853F90088A2C4 /* PBXContainerItemProxy */ = {
			isa = PBXContainerItemProxy;
			containerPortal = 9F9D54871D081D47005B259C /* Project object */;
			proxyType = 1;
			remoteGlobalIDString = 9F9D548F1D081D47005B259C;
			remoteInfo = PopupViewController;
		};
/* End PBXContainerItemProxy section */

/* Begin PBXFileReference section */
		071E90C5DC37F678DB08D03F /* Pods_PopupViewController.framework */ = {isa = PBXFileReference; explicitFileType = wrapper.framework; includeInIndex = 0; path = Pods_PopupViewController.framework; sourceTree = BUILT_PRODUCTS_DIR; };
		3E514BF592D1FAA6020E1FE4 /* Pods-PopupViewControllerTests.debug.xcconfig */ = {isa = PBXFileReference; includeInIndex = 1; lastKnownFileType = text.xcconfig; name = "Pods-PopupViewControllerTests.debug.xcconfig"; path = "Pods/Target Support Files/Pods-PopupViewControllerTests/Pods-PopupViewControllerTests.debug.xcconfig"; sourceTree = "<group>"; };
		596853969B1CAC6A814E7B40 /* Pods-PopupViewControllerTests.release.xcconfig */ = {isa = PBXFileReference; includeInIndex = 1; lastKnownFileType = text.xcconfig; name = "Pods-PopupViewControllerTests.release.xcconfig"; path = "Pods/Target Support Files/Pods-PopupViewControllerTests/Pods-PopupViewControllerTests.release.xcconfig"; sourceTree = "<group>"; };
		76F3B9ABA84E8B80161FB125 /* Pods_PopupViewControllerTests.framework */ = {isa = PBXFileReference; explicitFileType = wrapper.framework; includeInIndex = 0; path = Pods_PopupViewControllerTests.framework; sourceTree = BUILT_PRODUCTS_DIR; };
		7E1F59047AE61CFEC811B114 /* Pods-PopupViewController.release.xcconfig */ = {isa = PBXFileReference; includeInIndex = 1; lastKnownFileType = text.xcconfig; name = "Pods-PopupViewController.release.xcconfig"; path = "Pods/Target Support Files/Pods-PopupViewController/Pods-PopupViewController.release.xcconfig"; sourceTree = "<group>"; };
		8DF29EC4BEFD14EC96B15169 /* Pods-PopupViewController.debug.xcconfig */ = {isa = PBXFileReference; includeInIndex = 1; lastKnownFileType = text.xcconfig; name = "Pods-PopupViewController.debug.xcconfig"; path = "Pods/Target Support Files/Pods-PopupViewController/Pods-PopupViewController.debug.xcconfig"; sourceTree = "<group>"; };
		9F9D54901D081D47005B259C /* PopupViewController.framework */ = {isa = PBXFileReference; explicitFileType = wrapper.framework; includeInIndex = 0; path = PopupViewController.framework; sourceTree = BUILT_PRODUCTS_DIR; };
		9F9D54931D081D47005B259C /* PopupViewController.h */ = {isa = PBXFileReference; lastKnownFileType = sourcecode.c.h; path = PopupViewController.h; sourceTree = "<group>"; };
		9F9D54951D081D47005B259C /* Info.plist */ = {isa = PBXFileReference; lastKnownFileType = text.plist.xml; path = Info.plist; sourceTree = "<group>"; };
		9F9D549B1D081D74005B259C /* PopupViewController.swift */ = {isa = PBXFileReference; fileEncoding = 4; lastKnownFileType = sourcecode.swift; path = PopupViewController.swift; sourceTree = "<group>"; };
		9F9D54A51D08236B005B259C /* Cartography.framework */ = {isa = PBXFileReference; lastKnownFileType = wrapper.framework; name = Cartography.framework; path = "Pods/../build/Debug-iphoneos/Cartography/Cartography.framework"; sourceTree = "<group>"; };
		9FA8751F1D0853F90088A2C4 /* PopupViewControllerTests.xctest */ = {isa = PBXFileReference; explicitFileType = wrapper.cfbundle; includeInIndex = 0; path = PopupViewControllerTests.xctest; sourceTree = BUILT_PRODUCTS_DIR; };
		9FA875211D0853F90088A2C4 /* PopupViewControllerTests.swift */ = {isa = PBXFileReference; lastKnownFileType = sourcecode.swift; path = PopupViewControllerTests.swift; sourceTree = "<group>"; };
		9FA875231D0853F90088A2C4 /* Info.plist */ = {isa = PBXFileReference; lastKnownFileType = text.plist.xml; path = Info.plist; sourceTree = "<group>"; };
/* End PBXFileReference section */

/* Begin PBXFrameworksBuildPhase section */
		9F9D548C1D081D47005B259C /* Frameworks */ = {
			isa = PBXFrameworksBuildPhase;
			buildActionMask = 2147483647;
			files = (
				9F9D54A61D08236B005B259C /* Cartography.framework in Frameworks */,
				60B0E080C7C9621C4EFCF608 /* Pods_PopupViewController.framework in Frameworks */,
			);
			runOnlyForDeploymentPostprocessing = 0;
		};
		9FA8751C1D0853F90088A2C4 /* Frameworks */ = {
			isa = PBXFrameworksBuildPhase;
			buildActionMask = 2147483647;
			files = (
				9FA875241D0853F90088A2C4 /* PopupViewController.framework in Frameworks */,
				C5369BB1786FF58A33496C47 /* Pods_PopupViewControllerTests.framework in Frameworks */,
			);
			runOnlyForDeploymentPostprocessing = 0;
		};
/* End PBXFrameworksBuildPhase section */

/* Begin PBXGroup section */
		6BCE1CFDFC0FB43F74F21FE4 /* Pods */ = {
			isa = PBXGroup;
			children = (
				8DF29EC4BEFD14EC96B15169 /* Pods-PopupViewController.debug.xcconfig */,
				7E1F59047AE61CFEC811B114 /* Pods-PopupViewController.release.xcconfig */,
				3E514BF592D1FAA6020E1FE4 /* Pods-PopupViewControllerTests.debug.xcconfig */,
				596853969B1CAC6A814E7B40 /* Pods-PopupViewControllerTests.release.xcconfig */,
			);
			name = Pods;
			sourceTree = "<group>";
		};
		9F9D54861D081D47005B259C = {
			isa = PBXGroup;
			children = (
				9F9D54921D081D47005B259C /* PopupViewController */,
				9FA875201D0853F90088A2C4 /* PopupViewControllerTests */,
				9F9D54911D081D47005B259C /* Products */,
				6BCE1CFDFC0FB43F74F21FE4 /* Pods */,
				DB76A2AFE8B618C8A2F9A79D /* Frameworks */,
			);
			sourceTree = "<group>";
		};
		9F9D54911D081D47005B259C /* Products */ = {
			isa = PBXGroup;
			children = (
				9F9D54901D081D47005B259C /* PopupViewController.framework */,
				9FA8751F1D0853F90088A2C4 /* PopupViewControllerTests.xctest */,
			);
			name = Products;
			sourceTree = "<group>";
		};
		9F9D54921D081D47005B259C /* PopupViewController */ = {
			isa = PBXGroup;
			children = (
				9F9D54931D081D47005B259C /* PopupViewController.h */,
				9F9D54951D081D47005B259C /* Info.plist */,
				9F9D549B1D081D74005B259C /* PopupViewController.swift */,
			);
			path = PopupViewController;
			sourceTree = "<group>";
		};
		9FA875201D0853F90088A2C4 /* PopupViewControllerTests */ = {
			isa = PBXGroup;
			children = (
				9FA875211D0853F90088A2C4 /* PopupViewControllerTests.swift */,
				9FA875231D0853F90088A2C4 /* Info.plist */,
			);
			path = PopupViewControllerTests;
			sourceTree = "<group>";
		};
		DB76A2AFE8B618C8A2F9A79D /* Frameworks */ = {
			isa = PBXGroup;
			children = (
				9F9D54A51D08236B005B259C /* Cartography.framework */,
				071E90C5DC37F678DB08D03F /* Pods_PopupViewController.framework */,
				76F3B9ABA84E8B80161FB125 /* Pods_PopupViewControllerTests.framework */,
			);
			name = Frameworks;
			sourceTree = "<group>";
		};
/* End PBXGroup section */

/* Begin PBXHeadersBuildPhase section */
		9F9D548D1D081D47005B259C /* Headers */ = {
			isa = PBXHeadersBuildPhase;
			buildActionMask = 2147483647;
			files = (
				9F9D54941D081D47005B259C /* PopupViewController.h in Headers */,
			);
			runOnlyForDeploymentPostprocessing = 0;
		};
/* End PBXHeadersBuildPhase section */

/* Begin PBXNativeTarget section */
		9F9D548F1D081D47005B259C /* PopupViewController */ = {
			isa = PBXNativeTarget;
			buildConfigurationList = 9F9D54981D081D47005B259C /* Build configuration list for PBXNativeTarget "PopupViewController" */;
			buildPhases = (
				47A8D0158A95D2E130867862 /* [CP] Check Pods Manifest.lock */,
				9F9D548B1D081D47005B259C /* Sources */,
				9F9D548C1D081D47005B259C /* Frameworks */,
				9F9D548D1D081D47005B259C /* Headers */,
				9F9D548E1D081D47005B259C /* Resources */,
				AE833F106A17F1B7596C556E /* [CP] Copy Pods Resources */,
			);
			buildRules = (
			);
			dependencies = (
			);
			name = PopupViewController;
			productName = PopupViewController;
			productReference = 9F9D54901D081D47005B259C /* PopupViewController.framework */;
			productType = "com.apple.product-type.framework";
		};
		9FA8751E1D0853F90088A2C4 /* PopupViewControllerTests */ = {
			isa = PBXNativeTarget;
			buildConfigurationList = 9FA875291D0853F90088A2C4 /* Build configuration list for PBXNativeTarget "PopupViewControllerTests" */;
			buildPhases = (
				D6573A950CBEF649D7BB06F4 /* [CP] Check Pods Manifest.lock */,
				9FA8751B1D0853F90088A2C4 /* Sources */,
				9FA8751C1D0853F90088A2C4 /* Frameworks */,
				9FA8751D1D0853F90088A2C4 /* Resources */,
				E9D6D446077AC2B5947E4E13 /* [CP] Embed Pods Frameworks */,
				E27F3AF07F1991479FB35B20 /* [CP] Copy Pods Resources */,
			);
			buildRules = (
			);
			dependencies = (
				9FA875261D0853F90088A2C4 /* PBXTargetDependency */,
			);
			name = PopupViewControllerTests;
			productName = PopupViewControllerTests;
			productReference = 9FA8751F1D0853F90088A2C4 /* PopupViewControllerTests.xctest */;
			productType = "com.apple.product-type.bundle.unit-test";
		};
/* End PBXNativeTarget section */

/* Begin PBXProject section */
		9F9D54871D081D47005B259C /* Project object */ = {
			isa = PBXProject;
			attributes = {
				LastSwiftUpdateCheck = 0730;
				LastUpgradeCheck = 0800;
				ORGANIZATIONNAME = "Thomas Ricouard";
				TargetAttributes = {
					9F9D548F1D081D47005B259C = {
						CreatedOnToolsVersion = 7.3.1;
						LastSwiftMigration = 0800;
					};
					9FA8751E1D0853F90088A2C4 = {
						CreatedOnToolsVersion = 7.3.1;
					};
				};
			};
			buildConfigurationList = 9F9D548A1D081D47005B259C /* Build configuration list for PBXProject "PopupViewController" */;
			compatibilityVersion = "Xcode 3.2";
			developmentRegion = English;
			hasScannedForEncodings = 0;
			knownRegions = (
				en,
			);
			mainGroup = 9F9D54861D081D47005B259C;
			productRefGroup = 9F9D54911D081D47005B259C /* Products */;
			projectDirPath = "";
			projectRoot = "";
			targets = (
				9F9D548F1D081D47005B259C /* PopupViewController */,
				9FA8751E1D0853F90088A2C4 /* PopupViewControllerTests */,
			);
		};
/* End PBXProject section */

/* Begin PBXResourcesBuildPhase section */
		9F9D548E1D081D47005B259C /* Resources */ = {
			isa = PBXResourcesBuildPhase;
			buildActionMask = 2147483647;
			files = (
			);
			runOnlyForDeploymentPostprocessing = 0;
		};
		9FA8751D1D0853F90088A2C4 /* Resources */ = {
			isa = PBXResourcesBuildPhase;
			buildActionMask = 2147483647;
			files = (
			);
			runOnlyForDeploymentPostprocessing = 0;
		};
/* End PBXResourcesBuildPhase section */

/* Begin PBXShellScriptBuildPhase section */
		47A8D0158A95D2E130867862 /* [CP] Check Pods Manifest.lock */ = {
			isa = PBXShellScriptBuildPhase;
			buildActionMask = 2147483647;
			files = (
			);
			inputPaths = (
			);
			name = "[CP] Check Pods Manifest.lock";
			outputPaths = (
			);
			runOnlyForDeploymentPostprocessing = 0;
			shellPath = /bin/sh;
			shellScript = "diff \"${PODS_ROOT}/../Podfile.lock\" \"${PODS_ROOT}/Manifest.lock\" > /dev/null\nif [[ $? != 0 ]] ; then\n    cat << EOM\nerror: The sandbox is not in sync with the Podfile.lock. Run 'pod install' or update your CocoaPods installation.\nEOM\n    exit 1\nfi\n";
			showEnvVarsInLog = 0;
		};
		AE833F106A17F1B7596C556E /* [CP] Copy Pods Resources */ = {
			isa = PBXShellScriptBuildPhase;
			buildActionMask = 2147483647;
			files = (
			);
			inputPaths = (
			);
			name = "[CP] Copy Pods Resources";
			outputPaths = (
			);
			runOnlyForDeploymentPostprocessing = 0;
			shellPath = /bin/sh;
			shellScript = "\"${SRCROOT}/Pods/Target Support Files/Pods-PopupViewController/Pods-PopupViewController-resources.sh\"\n";
			showEnvVarsInLog = 0;
		};
		D6573A950CBEF649D7BB06F4 /* [CP] Check Pods Manifest.lock */ = {
			isa = PBXShellScriptBuildPhase;
			buildActionMask = 2147483647;
			files = (
			);
			inputPaths = (
			);
			name = "[CP] Check Pods Manifest.lock";
			outputPaths = (
			);
			runOnlyForDeploymentPostprocessing = 0;
			shellPath = /bin/sh;
			shellScript = "diff \"${PODS_ROOT}/../Podfile.lock\" \"${PODS_ROOT}/Manifest.lock\" > /dev/null\nif [[ $? != 0 ]] ; then\n    cat << EOM\nerror: The sandbox is not in sync with the Podfile.lock. Run 'pod install' or update your CocoaPods installation.\nEOM\n    exit 1\nfi\n";
			showEnvVarsInLog = 0;
		};
		E27F3AF07F1991479FB35B20 /* [CP] Copy Pods Resources */ = {
			isa = PBXShellScriptBuildPhase;
			buildActionMask = 2147483647;
			files = (
			);
			inputPaths = (
			);
			name = "[CP] Copy Pods Resources";
			outputPaths = (
			);
			runOnlyForDeploymentPostprocessing = 0;
			shellPath = /bin/sh;
			shellScript = "\"${SRCROOT}/Pods/Target Support Files/Pods-PopupViewControllerTests/Pods-PopupViewControllerTests-resources.sh\"\n";
			showEnvVarsInLog = 0;
		};
		E9D6D446077AC2B5947E4E13 /* [CP] Embed Pods Frameworks */ = {
			isa = PBXShellScriptBuildPhase;
			buildActionMask = 2147483647;
			files = (
			);
			inputPaths = (
			);
			name = "[CP] Embed Pods Frameworks";
			outputPaths = (
			);
			runOnlyForDeploymentPostprocessing = 0;
			shellPath = /bin/sh;
			shellScript = "\"${SRCROOT}/Pods/Target Support Files/Pods-PopupViewControllerTests/Pods-PopupViewControllerTests-frameworks.sh\"\n";
			showEnvVarsInLog = 0;
		};
/* End PBXShellScriptBuildPhase section */

/* Begin PBXSourcesBuildPhase section */
		9F9D548B1D081D47005B259C /* Sources */ = {
			isa = PBXSourcesBuildPhase;
			buildActionMask = 2147483647;
			files = (
				9F9D549C1D081D74005B259C /* PopupViewController.swift in Sources */,
			);
			runOnlyForDeploymentPostprocessing = 0;
		};
		9FA8751B1D0853F90088A2C4 /* Sources */ = {
			isa = PBXSourcesBuildPhase;
			buildActionMask = 2147483647;
			files = (
				9FA875221D0853F90088A2C4 /* PopupViewControllerTests.swift in Sources */,
			);
			runOnlyForDeploymentPostprocessing = 0;
		};
/* End PBXSourcesBuildPhase section */

/* Begin PBXTargetDependency section */
		9FA875261D0853F90088A2C4 /* PBXTargetDependency */ = {
			isa = PBXTargetDependency;
			target = 9F9D548F1D081D47005B259C /* PopupViewController */;
			targetProxy = 9FA875251D0853F90088A2C4 /* PBXContainerItemProxy */;
		};
/* End PBXTargetDependency section */

/* Begin XCBuildConfiguration section */
		9F9D54961D081D47005B259C /* Debug */ = {
			isa = XCBuildConfiguration;
			buildSettings = {
				ALWAYS_SEARCH_USER_PATHS = NO;
				CLANG_ANALYZER_NONNULL = YES;
				CLANG_CXX_LANGUAGE_STANDARD = "gnu++0x";
				CLANG_CXX_LIBRARY = "libc++";
				CLANG_ENABLE_MODULES = YES;
				CLANG_ENABLE_OBJC_ARC = YES;
				CLANG_WARN_BOOL_CONVERSION = YES;
				CLANG_WARN_CONSTANT_CONVERSION = YES;
				CLANG_WARN_DIRECT_OBJC_ISA_USAGE = YES_ERROR;
				CLANG_WARN_EMPTY_BODY = YES;
				CLANG_WARN_ENUM_CONVERSION = YES;
				CLANG_WARN_INFINITE_RECURSION = YES;
				CLANG_WARN_INT_CONVERSION = YES;
				CLANG_WARN_OBJC_ROOT_CLASS = YES_ERROR;
				CLANG_WARN_SUSPICIOUS_MOVE = YES;
				CLANG_WARN_UNREACHABLE_CODE = YES;
				CLANG_WARN__DUPLICATE_METHOD_MATCH = YES;
				"CODE_SIGN_IDENTITY[sdk=iphoneos*]" = "iPhone Developer";
				COPY_PHASE_STRIP = NO;
				CURRENT_PROJECT_VERSION = 1;
				DEBUG_INFORMATION_FORMAT = dwarf;
				ENABLE_STRICT_OBJC_MSGSEND = YES;
				ENABLE_TESTABILITY = YES;
				GCC_C_LANGUAGE_STANDARD = gnu99;
				GCC_DYNAMIC_NO_PIC = NO;
				GCC_NO_COMMON_BLOCKS = YES;
				GCC_OPTIMIZATION_LEVEL = 0;
				GCC_PREPROCESSOR_DEFINITIONS = (
					"DEBUG=1",
					"$(inherited)",
				);
				GCC_WARN_64_TO_32_BIT_CONVERSION = YES;
				GCC_WARN_ABOUT_RETURN_TYPE = YES_ERROR;
				GCC_WARN_UNDECLARED_SELECTOR = YES;
				GCC_WARN_UNINITIALIZED_AUTOS = YES_AGGRESSIVE;
				GCC_WARN_UNUSED_FUNCTION = YES;
				GCC_WARN_UNUSED_VARIABLE = YES;
				IPHONEOS_DEPLOYMENT_TARGET = 9.3;
				MTL_ENABLE_DEBUG_INFO = YES;
				ONLY_ACTIVE_ARCH = YES;
				SDKROOT = iphoneos;
				SWIFT_OPTIMIZATION_LEVEL = "-Onone";
				TARGETED_DEVICE_FAMILY = "1,2";
				VERSIONING_SYSTEM = "apple-generic";
				VERSION_INFO_PREFIX = "";
			};
			name = Debug;
		};
		9F9D54971D081D47005B259C /* Release */ = {
			isa = XCBuildConfiguration;
			buildSettings = {
				ALWAYS_SEARCH_USER_PATHS = NO;
				CLANG_ANALYZER_NONNULL = YES;
				CLANG_CXX_LANGUAGE_STANDARD = "gnu++0x";
				CLANG_CXX_LIBRARY = "libc++";
				CLANG_ENABLE_MODULES = YES;
				CLANG_ENABLE_OBJC_ARC = YES;
				CLANG_WARN_BOOL_CONVERSION = YES;
				CLANG_WARN_CONSTANT_CONVERSION = YES;
				CLANG_WARN_DIRECT_OBJC_ISA_USAGE = YES_ERROR;
				CLANG_WARN_EMPTY_BODY = YES;
				CLANG_WARN_ENUM_CONVERSION = YES;
				CLANG_WARN_INFINITE_RECURSION = YES;
				CLANG_WARN_INT_CONVERSION = YES;
				CLANG_WARN_OBJC_ROOT_CLASS = YES_ERROR;
				CLANG_WARN_SUSPICIOUS_MOVE = YES;
				CLANG_WARN_UNREACHABLE_CODE = YES;
				CLANG_WARN__DUPLICATE_METHOD_MATCH = YES;
				"CODE_SIGN_IDENTITY[sdk=iphoneos*]" = "iPhone Developer";
				COPY_PHASE_STRIP = NO;
				CURRENT_PROJECT_VERSION = 1;
				DEBUG_INFORMATION_FORMAT = "dwarf-with-dsym";
				ENABLE_NS_ASSERTIONS = NO;
				ENABLE_STRICT_OBJC_MSGSEND = YES;
				GCC_C_LANGUAGE_STANDARD = gnu99;
				GCC_NO_COMMON_BLOCKS = YES;
				GCC_WARN_64_TO_32_BIT_CONVERSION = YES;
				GCC_WARN_ABOUT_RETURN_TYPE = YES_ERROR;
				GCC_WARN_UNDECLARED_SELECTOR = YES;
				GCC_WARN_UNINITIALIZED_AUTOS = YES_AGGRESSIVE;
				GCC_WARN_UNUSED_FUNCTION = YES;
				GCC_WARN_UNUSED_VARIABLE = YES;
				IPHONEOS_DEPLOYMENT_TARGET = 9.3;
				MTL_ENABLE_DEBUG_INFO = NO;
				SDKROOT = iphoneos;
				SWIFT_OPTIMIZATION_LEVEL = "-Owholemodule";
				TARGETED_DEVICE_FAMILY = "1,2";
				VALIDATE_PRODUCT = YES;
				VERSIONING_SYSTEM = "apple-generic";
				VERSION_INFO_PREFIX = "";
			};
			name = Release;
		};
		9F9D54991D081D47005B259C /* Debug */ = {
			isa = XCBuildConfiguration;
			baseConfigurationReference = 8DF29EC4BEFD14EC96B15169 /* Pods-PopupViewController.debug.xcconfig */;
			buildSettings = {
				ALWAYS_EMBED_SWIFT_STANDARD_LIBRARIES = YES;
				CLANG_ENABLE_MODULES = YES;
				"CODE_SIGN_IDENTITY[sdk=iphoneos*]" = "";
				DEFINES_MODULE = YES;
				DYLIB_COMPATIBILITY_VERSION = 1;
				DYLIB_CURRENT_VERSION = 1;
				DYLIB_INSTALL_NAME_BASE = "@rpath";
				FRAMEWORK_SEARCH_PATHS = (
					"$(inherited)",
					"$(PROJECT_DIR)/build/Debug-iphoneos/Cartography",
				);
				INFOPLIST_FILE = PopupViewController/Info.plist;
				INSTALL_PATH = "$(LOCAL_LIBRARY_DIR)/Frameworks";
				LD_RUNPATH_SEARCH_PATHS = "$(inherited) @executable_path/Frameworks @loader_path/Frameworks";
				PRODUCT_BUNDLE_IDENTIFIER = com.dimillian.PopupViewController;
				PRODUCT_NAME = "$(TARGET_NAME)";
				SKIP_INSTALL = YES;
				SWIFT_OPTIMIZATION_LEVEL = "-Onone";
				SWIFT_VERSION = 3.0;
			};
			name = Debug;
		};
		9F9D549A1D081D47005B259C /* Release */ = {
			isa = XCBuildConfiguration;
			baseConfigurationReference = 7E1F59047AE61CFEC811B114 /* Pods-PopupViewController.release.xcconfig */;
			buildSettings = {
				ALWAYS_EMBED_SWIFT_STANDARD_LIBRARIES = YES;
				CLANG_ENABLE_MODULES = YES;
				"CODE_SIGN_IDENTITY[sdk=iphoneos*]" = "";
				DEFINES_MODULE = YES;
				DYLIB_COMPATIBILITY_VERSION = 1;
				DYLIB_CURRENT_VERSION = 1;
				DYLIB_INSTALL_NAME_BASE = "@rpath";
				FRAMEWORK_SEARCH_PATHS = (
					"$(inherited)",
					"$(PROJECT_DIR)/build/Debug-iphoneos/Cartography",
				);
				INFOPLIST_FILE = PopupViewController/Info.plist;
				INSTALL_PATH = "$(LOCAL_LIBRARY_DIR)/Frameworks";
				LD_RUNPATH_SEARCH_PATHS = "$(inherited) @executable_path/Frameworks @loader_path/Frameworks";
				PRODUCT_BUNDLE_IDENTIFIER = com.dimillian.PopupViewController;
				PRODUCT_NAME = "$(TARGET_NAME)";
				SKIP_INSTALL = YES;
				SWIFT_VERSION = 3.0;
			};
			name = Release;
		};
		9FA875271D0853F90088A2C4 /* Debug */ = {
			isa = XCBuildConfiguration;
			baseConfigurationReference = 3E514BF592D1FAA6020E1FE4 /* Pods-PopupViewControllerTests.debug.xcconfig */;
			buildSettings = {
				ALWAYS_EMBED_SWIFT_STANDARD_LIBRARIES = YES;
				INFOPLIST_FILE = PopupViewControllerTests/Info.plist;
				LD_RUNPATH_SEARCH_PATHS = "$(inherited) @executable_path/Frameworks @loader_path/Frameworks";
				PRODUCT_BUNDLE_IDENTIFIER = com.dimillian.PopupViewControllerTests;
				PRODUCT_NAME = "$(TARGET_NAME)";
				SWIFT_VERSION = 3.0;
			};
			name = Debug;
		};
		9FA875281D0853F90088A2C4 /* Release */ = {
			isa = XCBuildConfiguration;
			baseConfigurationReference = 596853969B1CAC6A814E7B40 /* Pods-PopupViewControllerTests.release.xcconfig */;
			buildSettings = {
				ALWAYS_EMBED_SWIFT_STANDARD_LIBRARIES = YES;
				INFOPLIST_FILE = PopupViewControllerTests/Info.plist;
				LD_RUNPATH_SEARCH_PATHS = "$(inherited) @executable_path/Frameworks @loader_path/Frameworks";
				PRODUCT_BUNDLE_IDENTIFIER = com.dimillian.PopupViewControllerTests;
				PRODUCT_NAME = "$(TARGET_NAME)";
				SWIFT_VERSION = 3.0;
			};
			name = Release;
		};
/* End XCBuildConfiguration section */

/* Begin XCConfigurationList section */
		9F9D548A1D081D47005B259C /* Build configuration list for PBXProject "PopupViewController" */ = {
			isa = XCConfigurationList;
			buildConfigurations = (
				9F9D54961D081D47005B259C /* Debug */,
				9F9D54971D081D47005B259C /* Release */,
			);
			defaultConfigurationIsVisible = 0;
			defaultConfigurationName = Release;
		};
		9F9D54981D081D47005B259C /* Build configuration list for PBXNativeTarget "PopupViewController" */ = {
			isa = XCConfigurationList;
			buildConfigurations = (
				9F9D54991D081D47005B259C /* Debug */,
				9F9D549A1D081D47005B259C /* Release */,
			);
			defaultConfigurationIsVisible = 0;
			defaultConfigurationName = Release;
		};
		9FA875291D0853F90088A2C4 /* Build configuration list for PBXNativeTarget "PopupViewControllerTests" */ = {
			isa = XCConfigurationList;
			buildConfigurations = (
				9FA875271D0853F90088A2C4 /* Debug */,
				9FA875281D0853F90088A2C4 /* Release */,
			);
			defaultConfigurationIsVisible = 0;
			defaultConfigurationName = Release;
		};
/* End XCConfigurationList section */
	};
	rootObject = 9F9D54871D081D47005B259C /* Project object */;
}
