// !$*UTF8*$!
{
	archiveVersion = 1;
	classes = {
	};
	objectVersion = 46;
	objects = {

/* Begin PBXBuildFile section */
		9F9D54751D081D12005B259C /* AppDelegate.swift in Sources */ = {isa = PBXBuildFile; fileRef = 9F9D54741D081D12005B259C /* AppDelegate.swift */; };
		9F9D54771D081D12005B259C /* ViewController.swift in Sources */ = {isa = PBXBuildFile; fileRef = 9F9D54761D081D12005B259C /* ViewController.swift */; };
		9F9D547A1D081D12005B259C /* Main.storyboard in Resources */ = {isa = PBXBuildFile; fileRef = 9F9D54781D081D12005B259C /* Main.storyboard */; };
		9F9D547C1D081D12005B259C /* Assets.xcassets in Resources */ = {isa = PBXBuildFile; fileRef = 9F9D547B1D081D12005B259C /* Assets.xcassets */; };
		9F9D547F1D081D12005B259C /* LaunchScreen.storyboard in Resources */ = {isa = PBXBuildFile; fileRef = 9F9D547D1D081D12005B259C /* LaunchScreen.storyboard */; };
		9F9D54A41D082241005B259C /* PopupViewController.framework in Frameworks */ = {isa = PBXBuildFile; fileRef = 9F9D54A31D082241005B259C /* PopupViewController.framework */; settings = {ATTRIBUTES = (Required, ); }; };
		9F9D54A71D0824EE005B259C /* PopupViewController.framework in Copy frameworks */ = {isa = PBXBuildFile; fileRef = 9F9D54A31D082241005B259C /* PopupViewController.framework */; settings = {ATTRIBUTES = (CodeSignOnCopy, RemoveHeadersOnCopy, ); }; };
/* End PBXBuildFile section */

/* Begin PBXCopyFilesBuildPhase section */
		9F9D54A11D081E8B005B259C /* Copy frameworks */ = {
			isa = PBXCopyFilesBuildPhase;
			buildActionMask = 2147483647;
			dstPath = "";
			dstSubfolderSpec = 10;
			files = (
				9F9D54A71D0824EE005B259C /* PopupViewController.framework in Copy frameworks */,
			);
			name = "Copy frameworks";
			runOnlyForDeploymentPostprocessing = 0;
		};
/* End PBXCopyFilesBuildPhase section */

/* Begin PBXFileReference section */
		161C88F8C97E0B798550212B /* Pods-Example.release.xcconfig */ = {isa = PBXFileReference; includeInIndex = 1; lastKnownFileType = text.xcconfig; name = "Pods-Example.release.xcconfig"; path = "Pods/Target Support Files/Pods-Example/Pods-Example.release.xcconfig"; sourceTree = "<group>"; };
		9F9D54711D081D12005B259C /* Example.app */ = {isa = PBXFileReference; explicitFileType = wrapper.application; includeInIndex = 0; path = Example.app; sourceTree = BUILT_PRODUCTS_DIR; };
		9F9D54741D081D12005B259C /* AppDelegate.swift */ = {isa = PBXFileReference; lastKnownFileType = sourcecode.swift; path = AppDelegate.swift; sourceTree = "<group>"; };
		9F9D54761D081D12005B259C /* ViewController.swift */ = {isa = PBXFileReference; lastKnownFileType = sourcecode.swift; path = ViewController.swift; sourceTree = "<group>"; };
		9F9D54791D081D12005B259C /* Base */ = {isa = PBXFileReference; lastKnownFileType = file.storyboard; name = Base; path = Base.lproj/Main.storyboard; sourceTree = "<group>"; };
		9F9D547B1D081D12005B259C /* Assets.xcassets */ = {isa = PBXFileReference; lastKnownFileType = folder.assetcatalog; path = Assets.xcassets; sourceTree = "<group>"; };
		9F9D547E1D081D12005B259C /* Base */ = {isa = PBXFileReference; lastKnownFileType = file.storyboard; name = Base; path = Base.lproj/LaunchScreen.storyboard; sourceTree = "<group>"; };
		9F9D54801D081D12005B259C /* Info.plist */ = {isa = PBXFileReference; lastKnownFileType = text.plist.xml; path = Info.plist; sourceTree = "<group>"; };
		9F9D54A31D082241005B259C /* PopupViewController.framework */ = {isa = PBXFileReference; lastKnownFileType = wrapper.framework; name = PopupViewController.framework; path = "../../../../../../Library/Developer/Xcode/DerivedData/PopupViewController-bylhkwvukaykkgdygchciphxfldt/Build/Products/Debug-iphonesimulator/PopupViewController.framework"; sourceTree = "<group>"; };
		A24CE37A0E77BB3AEF80B571 /* Pods-Example.debug.xcconfig */ = {isa = PBXFileReference; includeInIndex = 1; lastKnownFileType = text.xcconfig; name = "Pods-Example.debug.xcconfig"; path = "Pods/Target Support Files/Pods-Example/Pods-Example.debug.xcconfig"; sourceTree = "<group>"; };
		F588243DE51DEE3B8BCEF7BA /* Pods_Example.framework */ = {isa = PBXFileReference; explicitFileType = wrapper.framework; includeInIndex = 0; path = Pods_Example.framework; sourceTree = BUILT_PRODUCTS_DIR; };
/* End PBXFileReference section */

/* Begin PBXFrameworksBuildPhase section */
		9F9D546E1D081D12005B259C /* Frameworks */ = {
			isa = PBXFrameworksBuildPhase;
			buildActionMask = 2147483647;
			files = (
				9F9D54A41D082241005B259C /* PopupViewController.framework in Frameworks */,
			);
			runOnlyForDeploymentPostprocessing = 0;
		};
/* End PBXFrameworksBuildPhase section */

/* Begin PBXGroup section */
		9F9D54681D081D11005B259C = {
			isa = PBXGroup;
			children = (
				9F9D54A31D082241005B259C /* PopupViewController.framework */,
				9F9D54731D081D12005B259C /* Example */,
				9F9D54721D081D12005B259C /* Products */,
				AD851A0A3C9046487B3D530F /* Pods */,
				DDF5DA49678EB47DDE0D4B83 /* Frameworks */,
			);
			sourceTree = "<group>";
		};
		9F9D54721D081D12005B259C /* Products */ = {
			isa = PBXGroup;
			children = (
				9F9D54711D081D12005B259C /* Example.app */,
			);
			name = Products;
			sourceTree = "<group>";
		};
		9F9D54731D081D12005B259C /* Example */ = {
			isa = PBXGroup;
			children = (
				9F9D54741D081D12005B259C /* AppDelegate.swift */,
				9F9D54761D081D12005B259C /* ViewController.swift */,
				9F9D54781D081D12005B259C /* Main.storyboard */,
				9F9D547B1D081D12005B259C /* Assets.xcassets */,
				9F9D547D1D081D12005B259C /* LaunchScreen.storyboard */,
				9F9D54801D081D12005B259C /* Info.plist */,
			);
			path = Example;
			sourceTree = "<group>";
		};
		AD851A0A3C9046487B3D530F /* Pods */ = {
			isa = PBXGroup;
			children = (
				A24CE37A0E77BB3AEF80B571 /* Pods-Example.debug.xcconfig */,
				161C88F8C97E0B798550212B /* Pods-Example.release.xcconfig */,
			);
			name = Pods;
			sourceTree = "<group>";
		};
		DDF5DA49678EB47DDE0D4B83 /* Frameworks */ = {
			isa = PBXGroup;
			children = (
				F588243DE51DEE3B8BCEF7BA /* Pods_Example.framework */,
			);
			name = Frameworks;
			sourceTree = "<group>";
		};
/* End PBXGroup section */

/* Begin PBXNativeTarget section */
		9F9D54701D081D12005B259C /* Example */ = {
			isa = PBXNativeTarget;
			buildConfigurationList = 9F9D54831D081D12005B259C /* Build configuration list for PBXNativeTarget "Example" */;
			buildPhases = (
				33A5F182A28B50194F864B87 /* 📦 Check Pods Manifest.lock */,
				9F9D546D1D081D12005B259C /* Sources */,
				9F9D546E1D081D12005B259C /* Frameworks */,
				9F9D546F1D081D12005B259C /* Resources */,
				9F9D54A11D081E8B005B259C /* Copy frameworks */,
				29321844DE7923BA591F0B55 /* 📦 Embed Pods Frameworks */,
				BEFF62B2A9F2D3DD0D5DC721 /* 📦 Copy Pods Resources */,
			);
			buildRules = (
			);
			dependencies = (
			);
			name = Example;
			productName = Example;
			productReference = 9F9D54711D081D12005B259C /* Example.app */;
			productType = "com.apple.product-type.application";
		};
/* End PBXNativeTarget section */

/* Begin PBXProject section */
		9F9D54691D081D11005B259C /* Project object */ = {
			isa = PBXProject;
			attributes = {
				LastSwiftUpdateCheck = 0730;
				LastUpgradeCheck = 0730;
				ORGANIZATIONNAME = "Thomas Ricouard";
				TargetAttributes = {
					9F9D54701D081D12005B259C = {
						CreatedOnToolsVersion = 7.3.1;
					};
				};
			};
			buildConfigurationList = 9F9D546C1D081D11005B259C /* Build configuration list for PBXProject "Example" */;
			compatibilityVersion = "Xcode 3.2";
			developmentRegion = English;
			hasScannedForEncodings = 0;
			knownRegions = (
				en,
				Base,
			);
			mainGroup = 9F9D54681D081D11005B259C;
			productRefGroup = 9F9D54721D081D12005B259C /* Products */;
			projectDirPath = "";
			projectRoot = "";
			targets = (
				9F9D54701D081D12005B259C /* Example */,
			);
		};
/* End PBXProject section */

/* Begin PBXResourcesBuildPhase section */
		9F9D546F1D081D12005B259C /* Resources */ = {
			isa = PBXResourcesBuildPhase;
			buildActionMask = 2147483647;
			files = (
				9F9D547F1D081D12005B259C /* LaunchScreen.storyboard in Resources */,
				9F9D547C1D081D12005B259C /* Assets.xcassets in Resources */,
				9F9D547A1D081D12005B259C /* Main.storyboard in Resources */,
			);
			runOnlyForDeploymentPostprocessing = 0;
		};
/* End PBXResourcesBuildPhase section */

/* Begin PBXShellScriptBuildPhase section */
		29321844DE7923BA591F0B55 /* 📦 Embed Pods Frameworks */ = {
			isa = PBXShellScriptBuildPhase;
			buildActionMask = 2147483647;
			files = (
			);
			inputPaths = (
			);
			name = "📦 Embed Pods Frameworks";
			outputPaths = (
			);
			runOnlyForDeploymentPostprocessing = 0;
			shellPath = /bin/sh;
			shellScript = "\"${SRCROOT}/Pods/Target Support Files/Pods-Example/Pods-Example-frameworks.sh\"\n";
			showEnvVarsInLog = 0;
		};
		33A5F182A28B50194F864B87 /* 📦 Check Pods Manifest.lock */ = {
			isa = PBXShellScriptBuildPhase;
			buildActionMask = 2147483647;
			files = (
			);
			inputPaths = (
			);
			name = "📦 Check Pods Manifest.lock";
			outputPaths = (
			);
			runOnlyForDeploymentPostprocessing = 0;
			shellPath = /bin/sh;
			shellScript = "diff \"${PODS_ROOT}/../Podfile.lock\" \"${PODS_ROOT}/Manifest.lock\" > /dev/null\nif [[ $? != 0 ]] ; then\n    cat << EOM\nerror: The sandbox is not in sync with the Podfile.lock. Run 'pod install' or update your CocoaPods installation.\nEOM\n    exit 1\nfi\n";
			showEnvVarsInLog = 0;
		};
		BEFF62B2A9F2D3DD0D5DC721 /* 📦 Copy Pods Resources */ = {
			isa = PBXShellScriptBuildPhase;
			buildActionMask = 2147483647;
			files = (
			);
			inputPaths = (
			);
			name = "📦 Copy Pods Resources";
			outputPaths = (
			);
			runOnlyForDeploymentPostprocessing = 0;
			shellPath = /bin/sh;
			shellScript = "\"${SRCROOT}/Pods/Target Support Files/Pods-Example/Pods-Example-resources.sh\"\n";
			showEnvVarsInLog = 0;
		};
/* End PBXShellScriptBuildPhase section */

/* Begin PBXSourcesBuildPhase section */
		9F9D546D1D081D12005B259C /* Sources */ = {
			isa = PBXSourcesBuildPhase;
			buildActionMask = 2147483647;
			files = (
				9F9D54771D081D12005B259C /* ViewController.swift in Sources */,
				9F9D54751D081D12005B259C /* AppDelegate.swift in Sources */,
			);
			runOnlyForDeploymentPostprocessing = 0;
		};
/* End PBXSourcesBuildPhase section */

/* Begin PBXVariantGroup section */
		9F9D54781D081D12005B259C /* Main.storyboard */ = {
			isa = PBXVariantGroup;
			children = (
				9F9D54791D081D12005B259C /* Base */,
			);
			name = Main.storyboard;
			sourceTree = "<group>";
		};
		9F9D547D1D081D12005B259C /* LaunchScreen.storyboard */ = {
			isa = PBXVariantGroup;
			children = (
				9F9D547E1D081D12005B259C /* Base */,
			);
			name = LaunchScreen.storyboard;
			sourceTree = "<group>";
		};
/* End PBXVariantGroup section */

/* Begin XCBuildConfiguration section */
		9F9D54811D081D12005B259C /* Debug */ = {
			isa = XCBuildConfiguration;
			buildSettings = {
				ALWAYS_SEARCH_USER_PATHS = NO;
				CLANG_ANALYZER_NONNULL = YES;
				CLANG_CXX_LANGUAGE_STANDARD = "gnu++0x";
				CLANG_CXX_LIBRARY = "libc++";
				CLANG_ENABLE_MODULES = YES;
				CLANG_ENABLE_OBJC_ARC = YES;
				CLANG_WARN_BOOL_CONVERSION = YES;
				CLANG_WARN_CONSTANT_CONVERSION = YES;
				CLANG_WARN_DIRECT_OBJC_ISA_USAGE = YES_ERROR;
				CLANG_WARN_EMPTY_BODY = YES;
				CLANG_WARN_ENUM_CONVERSION = YES;
				CLANG_WARN_INT_CONVERSION = YES;
				CLANG_WARN_OBJC_ROOT_CLASS = YES_ERROR;
				CLANG_WARN_UNREACHABLE_CODE = YES;
				CLANG_WARN__DUPLICATE_METHOD_MATCH = YES;
				"CODE_SIGN_IDENTITY[sdk=iphoneos*]" = "iPhone Developer";
				COPY_PHASE_STRIP = NO;
				DEBUG_INFORMATION_FORMAT = dwarf;
				ENABLE_STRICT_OBJC_MSGSEND = YES;
				ENABLE_TESTABILITY = YES;
				GCC_C_LANGUAGE_STANDARD = gnu99;
				GCC_DYNAMIC_NO_PIC = NO;
				GCC_NO_COMMON_BLOCKS = YES;
				GCC_OPTIMIZATION_LEVEL = 0;
				GCC_PREPROCESSOR_DEFINITIONS = (
					"DEBUG=1",
					"$(inherited)",
				);
				GCC_WARN_64_TO_32_BIT_CONVERSION = YES;
				GCC_WARN_ABOUT_RETURN_TYPE = YES_ERROR;
				GCC_WARN_UNDECLARED_SELECTOR = YES;
				GCC_WARN_UNINITIALIZED_AUTOS = YES_AGGRESSIVE;
				GCC_WARN_UNUSED_FUNCTION = YES;
				GCC_WARN_UNUSED_VARIABLE = YES;
				IPHONEOS_DEPLOYMENT_TARGET = 9.3;
				MTL_ENABLE_DEBUG_INFO = YES;
				ONLY_ACTIVE_ARCH = YES;
				SDKROOT = iphoneos;
				SWIFT_OPTIMIZATION_LEVEL = "-Onone";
				TARGETED_DEVICE_FAMILY = "1,2";
			};
			name = Debug;
		};
		9F9D54821D081D12005B259C /* Release */ = {
			isa = XCBuildConfiguration;
			buildSettings = {
				ALWAYS_SEARCH_USER_PATHS = NO;
				CLANG_ANALYZER_NONNULL = YES;
				CLANG_CXX_LANGUAGE_STANDARD = "gnu++0x";
				CLANG_CXX_LIBRARY = "libc++";
				CLANG_ENABLE_MODULES = YES;
				CLANG_ENABLE_OBJC_ARC = YES;
				CLANG_WARN_BOOL_CONVERSION = YES;
				CLANG_WARN_CONSTANT_CONVERSION = YES;
				CLANG_WARN_DIRECT_OBJC_ISA_USAGE = YES_ERROR;
				CLANG_WARN_EMPTY_BODY = YES;
				CLANG_WARN_ENUM_CONVERSION = YES;
				CLANG_WARN_INT_CONVERSION = YES;
				CLANG_WARN_OBJC_ROOT_CLASS = YES_ERROR;
				CLANG_WARN_UNREACHABLE_CODE = YES;
				CLANG_WARN__DUPLICATE_METHOD_MATCH = YES;
				"CODE_SIGN_IDENTITY[sdk=iphoneos*]" = "iPhone Developer";
				COPY_PHASE_STRIP = NO;
				DEBUG_INFORMATION_FORMAT = "dwarf-with-dsym";
				ENABLE_NS_ASSERTIONS = NO;
				ENABLE_STRICT_OBJC_MSGSEND = YES;
				GCC_C_LANGUAGE_STANDARD = gnu99;
				GCC_NO_COMMON_BLOCKS = YES;
				GCC_WARN_64_TO_32_BIT_CONVERSION = YES;
				GCC_WARN_ABOUT_RETURN_TYPE = YES_ERROR;
				GCC_WARN_UNDECLARED_SELECTOR = YES;
				GCC_WARN_UNINITIALIZED_AUTOS = YES_AGGRESSIVE;
				GCC_WARN_UNUSED_FUNCTION = YES;
				GCC_WARN_UNUSED_VARIABLE = YES;
				IPHONEOS_DEPLOYMENT_TARGET = 9.3;
				MTL_ENABLE_DEBUG_INFO = NO;
				SDKROOT = iphoneos;
				TARGETED_DEVICE_FAMILY = "1,2";
				VALIDATE_PRODUCT = YES;
			};
			name = Release;
		};
		9F9D54841D081D12005B259C /* Debug */ = {
			isa = XCBuildConfiguration;
			baseConfigurationReference = A24CE37A0E77BB3AEF80B571 /* Pods-Example.debug.xcconfig */;
			buildSettings = {
				ASSETCATALOG_COMPILER_APPICON_NAME = AppIcon;
				INFOPLIST_FILE = Example/Info.plist;
				LD_RUNPATH_SEARCH_PATHS = "$(inherited) @executable_path/Frameworks";
				PRODUCT_BUNDLE_IDENTIFIER = com.dimillian.Example;
				PRODUCT_NAME = "$(TARGET_NAME)";
			};
			name = Debug;
		};
		9F9D54851D081D12005B259C /* Release */ = {
			isa = XCBuildConfiguration;
			baseConfigurationReference = 161C88F8C97E0B798550212B /* Pods-Example.release.xcconfig */;
			buildSettings = {
				ASSETCATALOG_COMPILER_APPICON_NAME = AppIcon;
				INFOPLIST_FILE = Example/Info.plist;
				LD_RUNPATH_SEARCH_PATHS = "$(inherited) @executable_path/Frameworks";
				PRODUCT_BUNDLE_IDENTIFIER = com.dimillian.Example;
				PRODUCT_NAME = "$(TARGET_NAME)";
			};
			name = Release;
		};
/* End XCBuildConfiguration section */

/* Begin XCConfigurationList section */
		9F9D546C1D081D11005B259C /* Build configuration list for PBXProject "Example" */ = {
			isa = XCConfigurationList;
			buildConfigurations = (
				9F9D54811D081D12005B259C /* Debug */,
				9F9D54821D081D12005B259C /* Release */,
			);
			defaultConfigurationIsVisible = 0;
			defaultConfigurationName = Release;
		};
		9F9D54831D081D12005B259C /* Build configuration list for PBXNativeTarget "Example" */ = {
			isa = XCConfigurationList;
			buildConfigurations = (
				9F9D54841D081D12005B259C /* Debug */,
				9F9D54851D081D12005B259C /* Release */,
			);
			defaultConfigurationIsVisible = 0;
			defaultConfigurationName = Release;
		};
/* End XCConfigurationList section */
	};
	rootObject = 9F9D54691D081D11005B259C /* Project object */;
}
