PODS:
  - Cartography (0.5.0)

DEPENDENCIES:
  - Cartography (from `https://github.com/wireapp/Cartography.git`, branch `swift3`)

EXTERNAL SOURCES:
  Cartography:
    :branch: swift3
    :git: https://github.com/wireapp/Cartography.git

CHECKOUT OPTIONS:
  Cartography:
    :commit: 78f81b658950ed2ad68669f883798fe8bbe7a6b4
    :git: https://github.com/wireapp/Cartography.git

SPEC CHECKSUMS:
  Cartography: de3e85d2fc2d7288a2e7c89e1ac6cad08599d75e

PODFILE CHECKSUM: 67c1e6f7c43d39007f304ab1436cc9522e7019c1

COCOAPODS: 1.0.1
